
Microsoft Visual Studio Solution File, Format Version 12.00
# Visual Studio Version 17
VisualStudioVersion = 17.4.33122.133
MinimumVisualStudioVersion = 10.0.40219.1
Project("{FAE04EC0-301F-11D3-BF4B-00C04F79EFBC}") = "ConsoleApp1", "ConsoleApp1\ConsoleApp1.csproj", "{2D3A1A71-367F-4889-91BD-46C3C0D80FCC}"
EndProject
Global
	GlobalSection(SolutionConfigurationPlatforms) = preSolution
		Debug|Any CPU = Debug|Any CPU
		Release|Any CPU = Release|Any CPU
	EndGlobalSection
	GlobalSection(ProjectConfigurationPlatforms) = postSolution
		{2D3A1A71-367F-4889-91BD-46C3C0D80FCC}.Debug|Any CPU.ActiveCfg = Debug|Any CPU
		{2D3A1A71-367F-4889-91BD-46C3C0D80FCC}.Debug|Any CPU.Build.0 = Debug|Any CPU
		{2D3A1A71-367F-4889-91BD-46C3C0D80FCC}.Release|Any CPU.ActiveCfg = Release|Any CPU
		{2D3A1A71-367F-4889-91BD-46C3C0D80FCC}.Release|Any CPU.Build.0 = Release|Any CPU
	EndGlobalSection
	GlobalSection(SolutionProperties) = preSolution
		HideSolutionNode = FALSE
	EndGlobalSection
	GlobalSection(ExtensibilityGlobals) = postSolution
		SolutionGuid = {DD23010B-3081-483E-BFF9-8F309512E6BC}
	EndGlobalSection
EndGlobal
